{
  "requires": true,
  "lockfileVersion": 1,
  "dependencies": {
    "@ionic-native/core": {
      "version": "4.10.1",
      "resolved": "https://registry.npmjs.org/@ionic-native/core/-/core-4.10.1.tgz",
      "integrity": "sha512-odUfPQcdga5e3HhJVhsDkP3bfmK2fvYv5W5D58H3S4nOcJvo607Wdb7EOA2iMT9Wawc3iC5zeeqxG3AIpGtIcw=="
    }
  }
}
